
Microsoft Visual Studio Solution File, Format Version 12.00
# Visual Studio Version 17
VisualStudioVersion = 17.7.34031.279
MinimumVisualStudioVersion = 10.0.40219.1
Project("{FAE04EC0-301F-11D3-BF4B-00C04F79EFBC}") = "RecipesAPI", "RecipesAPI.csproj", "{EDBB9C37-684A-45CB-A9CF-3F8AA2C2AEC0}"
EndProject
Global
	GlobalSection(SolutionConfigurationPlatforms) = preSolution
		Debug|Any CPU = Debug|Any CPU
		Release|Any CPU = Release|Any CPU
	EndGlobalSection
	GlobalSection(ProjectConfigurationPlatforms) = postSolution
		{EDBB9C37-684A-45CB-A9CF-3F8AA2C2AEC0}.Debug|Any CPU.ActiveCfg = Debug|Any CPU
		{EDBB9C37-684A-45CB-A9CF-3F8AA2C2AEC0}.Debug|Any CPU.Build.0 = Debug|Any CPU
		{EDBB9C37-684A-45CB-A9CF-3F8AA2C2AEC0}.Release|Any CPU.ActiveCfg = Release|Any CPU
		{EDBB9C37-684A-45CB-A9CF-3F8AA2C2AEC0}.Release|Any CPU.Build.0 = Release|Any CPU
	EndGlobalSection
	GlobalSection(SolutionProperties) = preSolution
		HideSolutionNode = FALSE
	EndGlobalSection
	GlobalSection(ExtensibilityGlobals) = postSolution
		SolutionGuid = {4E9D22A8-C0B8-49A0-A477-E931FBBD7F19}
	EndGlobalSection
EndGlobal
